// !$*UTF8*$!
{
	archiveVersion = 1;
	classes = {
	};
	objectVersion = 50;
	objects = {

/* Begin PBXBuildFile section */
		92855AD825C07804007A5C6E /* AppDelegate.swift in Sources */ = {isa = PBXBuildFile; fileRef = 92855AD725C07804007A5C6E /* AppDelegate.swift */; };
		92855ADA25C07804007A5C6E /* SceneDelegate.swift in Sources */ = {isa = PBXBuildFile; fileRef = 92855AD925C07804007A5C6E /* SceneDelegate.swift */; };
		92855ADC25C07804007A5C6E /* CategoryVC.swift in Sources */ = {isa = PBXBuildFile; fileRef = 92855ADB25C07804007A5C6E /* CategoryVC.swift */; };
		92855ADF25C07804007A5C6E /* Main.storyboard in Resources */ = {isa = PBXBuildFile; fileRef = 92855ADD25C07804007A5C6E /* Main.storyboard */; };
		92855AE125C07804007A5C6E /* Assets.xcassets in Resources */ = {isa = PBXBuildFile; fileRef = 92855AE025C07804007A5C6E /* Assets.xcassets */; };
		92855AE425C07804007A5C6E /* LaunchScreen.storyboard in Resources */ = {isa = PBXBuildFile; fileRef = 92855AE225C07804007A5C6E /* LaunchScreen.storyboard */; };
		92855AEF25C07EDD007A5C6E /* CategoryCell.swift in Sources */ = {isa = PBXBuildFile; fileRef = 92855AEE25C07EDD007A5C6E /* CategoryCell.swift */; };
		92855AF225C082E9007A5C6E /* Category.swift in Sources */ = {isa = PBXBuildFile; fileRef = 92855AF125C082E9007A5C6E /* Category.swift */; };
		92855AF625C083CD007A5C6E /* DataService.swift in Sources */ = {isa = PBXBuildFile; fileRef = 92855AF525C083CD007A5C6E /* DataService.swift */; };
		92855AF825C0A1B6007A5C6E /* ProductCell.swift in Sources */ = {isa = PBXBuildFile; fileRef = 92855AF725C0A1B6007A5C6E /* ProductCell.swift */; };
		92855AFA25C0A28E007A5C6E /* Product.swift in Sources */ = {isa = PBXBuildFile; fileRef = 92855AF925C0A28E007A5C6E /* Product.swift */; };
		92855AFC25C0A59A007A5C6E /* ProductsVC.swift in Sources */ = {isa = PBXBuildFile; fileRef = 92855AFB25C0A59A007A5C6E /* ProductsVC.swift */; };
/* End PBXBuildFile section */

/* Begin PBXFileReference section */
		92855AD425C07804007A5C6E /* Swag Shop.app */ = {isa = PBXFileReference; explicitFileType = wrapper.application; includeInIndex = 0; path = "Swag Shop.app"; sourceTree = BUILT_PRODUCTS_DIR; };
		92855AD725C07804007A5C6E /* AppDelegate.swift */ = {isa = PBXFileReference; lastKnownFileType = sourcecode.swift; path = AppDelegate.swift; sourceTree = "<group>"; };
		92855AD925C07804007A5C6E /* SceneDelegate.swift */ = {isa = PBXFileReference; lastKnownFileType = sourcecode.swift; path = SceneDelegate.swift; sourceTree = "<group>"; };
		92855ADB25C07804007A5C6E /* CategoryVC.swift */ = {isa = PBXFileReference; lastKnownFileType = sourcecode.swift; path = CategoryVC.swift; sourceTree = "<group>"; };
		92855ADE25C07804007A5C6E /* Base */ = {isa = PBXFileReference; lastKnownFileType = file.storyboard; name = Base; path = Base.lproj/Main.storyboard; sourceTree = "<group>"; };
		92855AE025C07804007A5C6E /* Assets.xcassets */ = {isa = PBXFileReference; lastKnownFileType = folder.assetcatalog; path = Assets.xcassets; sourceTree = "<group>"; };
		92855AE325C07804007A5C6E /* Base */ = {isa = PBXFileReference; lastKnownFileType = file.storyboard; name = Base; path = Base.lproj/LaunchScreen.storyboard; sourceTree = "<group>"; };
		92855AE525C07804007A5C6E /* Info.plist */ = {isa = PBXFileReference; lastKnownFileType = text.plist.xml; path = Info.plist; sourceTree = "<group>"; };
		92855AEE25C07EDD007A5C6E /* CategoryCell.swift */ = {isa = PBXFileReference; lastKnownFileType = sourcecode.swift; path = CategoryCell.swift; sourceTree = "<group>"; };
		92855AF125C082E9007A5C6E /* Category.swift */ = {isa = PBXFileReference; lastKnownFileType = sourcecode.swift; path = Category.swift; sourceTree = "<group>"; };
		92855AF525C083CD007A5C6E /* DataService.swift */ = {isa = PBXFileReference; lastKnownFileType = sourcecode.swift; path = DataService.swift; sourceTree = "<group>"; };
		92855AF725C0A1B6007A5C6E /* ProductCell.swift */ = {isa = PBXFileReference; lastKnownFileType = sourcecode.swift; path = ProductCell.swift; sourceTree = "<group>"; };
		92855AF925C0A28E007A5C6E /* Product.swift */ = {isa = PBXFileReference; lastKnownFileType = sourcecode.swift; path = Product.swift; sourceTree = "<group>"; };
		92855AFB25C0A59A007A5C6E /* ProductsVC.swift */ = {isa = PBXFileReference; lastKnownFileType = sourcecode.swift; path = ProductsVC.swift; sourceTree = "<group>"; };
/* End PBXFileReference section */

/* Begin PBXFrameworksBuildPhase section */
		92855AD125C07804007A5C6E /* Frameworks */ = {
			isa = PBXFrameworksBuildPhase;
			buildActionMask = 2147483647;
			files = (
			);
			runOnlyForDeploymentPostprocessing = 0;
		};
/* End PBXFrameworksBuildPhase section */

/* Begin PBXGroup section */
		92855ACB25C07804007A5C6E = {
			isa = PBXGroup;
			children = (
				92855AD625C07804007A5C6E /* coder-swag */,
				92855AD525C07804007A5C6E /* Products */,
			);
			sourceTree = "<group>";
		};
		92855AD525C07804007A5C6E /* Products */ = {
			isa = PBXGroup;
			children = (
				92855AD425C07804007A5C6E /* Swag Shop.app */,
			);
			name = Products;
			sourceTree = "<group>";
		};
		92855AD625C07804007A5C6E /* coder-swag */ = {
			isa = PBXGroup;
			children = (
				92855AF325C083B0007A5C6E /* Services */,
				92855AED25C07E93007A5C6E /* Views */,
				92855AEC25C07E8B007A5C6E /* Controllers */,
				92855AEB25C07E84007A5C6E /* Models */,
				92855AD725C07804007A5C6E /* AppDelegate.swift */,
				92855AD925C07804007A5C6E /* SceneDelegate.swift */,
				92855ADD25C07804007A5C6E /* Main.storyboard */,
				92855AE025C07804007A5C6E /* Assets.xcassets */,
				92855AE225C07804007A5C6E /* LaunchScreen.storyboard */,
				92855AE525C07804007A5C6E /* Info.plist */,
			);
			path = "coder-swag";
			sourceTree = "<group>";
		};
		92855AEB25C07E84007A5C6E /* Models */ = {
			isa = PBXGroup;
			children = (
				92855AF125C082E9007A5C6E /* Category.swift */,
				92855AF925C0A28E007A5C6E /* Product.swift */,
			);
			path = Models;
			sourceTree = "<group>";
		};
		92855AEC25C07E8B007A5C6E /* Controllers */ = {
			isa = PBXGroup;
			children = (
				92855ADB25C07804007A5C6E /* CategoryVC.swift */,
				92855AFB25C0A59A007A5C6E /* ProductsVC.swift */,
			);
			path = Controllers;
			sourceTree = "<group>";
		};
		92855AED25C07E93007A5C6E /* Views */ = {
			isa = PBXGroup;
			children = (
				92855AEE25C07EDD007A5C6E /* CategoryCell.swift */,
				92855AF725C0A1B6007A5C6E /* ProductCell.swift */,
			);
			path = Views;
			sourceTree = "<group>";
		};
		92855AF325C083B0007A5C6E /* Services */ = {
			isa = PBXGroup;
			children = (
				92855AF525C083CD007A5C6E /* DataService.swift */,
			);
			path = Services;
			sourceTree = "<group>";
		};
/* End PBXGroup section */

/* Begin PBXNativeTarget section */
		92855AD325C07804007A5C6E /* coder-swag */ = {
			isa = PBXNativeTarget;
			buildConfigurationList = 92855AE825C07804007A5C6E /* Build configuration list for PBXNativeTarget "coder-swag" */;
			buildPhases = (
				92855AD025C07804007A5C6E /* Sources */,
				92855AD125C07804007A5C6E /* Frameworks */,
				92855AD225C07804007A5C6E /* Resources */,
			);
			buildRules = (
			);
			dependencies = (
			);
			name = "coder-swag";
			productName = "coder-swag";
			productReference = 92855AD425C07804007A5C6E /* Swag Shop.app */;
			productType = "com.apple.product-type.application";
		};
/* End PBXNativeTarget section */

/* Begin PBXProject section */
		92855ACC25C07804007A5C6E /* Project object */ = {
			isa = PBXProject;
			attributes = {
				LastSwiftUpdateCheck = 1170;
				LastUpgradeCheck = 1170;
				ORGANIZATIONNAME = "Jerry Lai";
				TargetAttributes = {
					92855AD325C07804007A5C6E = {
						CreatedOnToolsVersion = 11.7;
					};
				};
			};
			buildConfigurationList = 92855ACF25C07804007A5C6E /* Build configuration list for PBXProject "coder-swag" */;
			compatibilityVersion = "Xcode 9.3";
			developmentRegion = en;
			hasScannedForEncodings = 0;
			knownRegions = (
				en,
				Base,
			);
			mainGroup = 92855ACB25C07804007A5C6E;
			productRefGroup = 92855AD525C07804007A5C6E /* Products */;
			projectDirPath = "";
			projectRoot = "";
			targets = (
				92855AD325C07804007A5C6E /* coder-swag */,
			);
		};
/* End PBXProject section */

/* Begin PBXResourcesBuildPhase section */
		92855AD225C07804007A5C6E /* Resources */ = {
			isa = PBXResourcesBuildPhase;
			buildActionMask = 2147483647;
			files = (
				92855AE425C07804007A5C6E /* LaunchScreen.storyboard in Resources */,
				92855AE125C07804007A5C6E /* Assets.xcassets in Resources */,
				92855ADF25C07804007A5C6E /* Main.storyboard in Resources */,
			);
			runOnlyForDeploymentPostprocessing = 0;
		};
/* End PBXResourcesBuildPhase section */

/* Begin PBXSourcesBuildPhase section */
		92855AD025C07804007A5C6E /* Sources */ = {
			isa = PBXSourcesBuildPhase;
			buildActionMask = 2147483647;
			files = (
				92855ADC25C07804007A5C6E /* CategoryVC.swift in Sources */,
				92855AFA25C0A28E007A5C6E /* Product.swift in Sources */,
				92855AF225C082E9007A5C6E /* Category.swift in Sources */,
				92855AD825C07804007A5C6E /* AppDelegate.swift in Sources */,
				92855AF625C083CD007A5C6E /* DataService.swift in Sources */,
				92855ADA25C07804007A5C6E /* SceneDelegate.swift in Sources */,
				92855AF825C0A1B6007A5C6E /* ProductCell.swift in Sources */,
				92855AEF25C07EDD007A5C6E /* CategoryCell.swift in Sources */,
				92855AFC25C0A59A007A5C6E /* ProductsVC.swift in Sources */,
			);
			runOnlyForDeploymentPostprocessing = 0;
		};
/* End PBXSourcesBuildPhase section */

/* Begin PBXVariantGroup section */
		92855ADD25C07804007A5C6E /* Main.storyboard */ = {
			isa = PBXVariantGroup;
			children = (
				92855ADE25C07804007A5C6E /* Base */,
			);
			name = Main.storyboard;
			sourceTree = "<group>";
		};
		92855AE225C07804007A5C6E /* LaunchScreen.storyboard */ = {
			isa = PBXVariantGroup;
			children = (
				92855AE325C07804007A5C6E /* Base */,
			);
			name = LaunchScreen.storyboard;
			sourceTree = "<group>";
		};
/* End PBXVariantGroup section */

/* Begin XCBuildConfiguration section */
		92855AE625C07804007A5C6E /* Debug */ = {
			isa = XCBuildConfiguration;
			buildSettings = {
				ALWAYS_SEARCH_USER_PATHS = NO;
				CLANG_ANALYZER_NONNULL = YES;
				CLANG_ANALYZER_NUMBER_OBJECT_CONVERSION = YES_AGGRESSIVE;
				CLANG_CXX_LANGUAGE_STANDARD = "gnu++14";
				CLANG_CXX_LIBRARY = "libc++";
				CLANG_ENABLE_MODULES = YES;
				CLANG_ENABLE_OBJC_ARC = YES;
				CLANG_ENABLE_OBJC_WEAK = YES;
				CLANG_WARN_BLOCK_CAPTURE_AUTORELEASING = YES;
				CLANG_WARN_BOOL_CONVERSION = YES;
				CLANG_WARN_COMMA = YES;
				CLANG_WARN_CONSTANT_CONVERSION = YES;
				CLANG_WARN_DEPRECATED_OBJC_IMPLEMENTATIONS = YES;
				CLANG_WARN_DIRECT_OBJC_ISA_USAGE = YES_ERROR;
				CLANG_WARN_DOCUMENTATION_COMMENTS = YES;
				CLANG_WARN_EMPTY_BODY = YES;
				CLANG_WARN_ENUM_CONVERSION = YES;
				CLANG_WARN_INFINITE_RECURSION = YES;
				CLANG_WARN_INT_CONVERSION = YES;
				CLANG_WARN_NON_LITERAL_NULL_CONVERSION = YES;
				CLANG_WARN_OBJC_IMPLICIT_RETAIN_SELF = YES;
				CLANG_WARN_OBJC_LITERAL_CONVERSION = YES;
				CLANG_WARN_OBJC_ROOT_CLASS = YES_ERROR;
				CLANG_WARN_RANGE_LOOP_ANALYSIS = YES;
				CLANG_WARN_STRICT_PROTOTYPES = YES;
				CLANG_WARN_SUSPICIOUS_MOVE = YES;
				CLANG_WARN_UNGUARDED_AVAILABILITY = YES_AGGRESSIVE;
				CLANG_WARN_UNREACHABLE_CODE = YES;
				CLANG_WARN__DUPLICATE_METHOD_MATCH = YES;
				COPY_PHASE_STRIP = NO;
				DEBUG_INFORMATION_FORMAT = dwarf;
				ENABLE_STRICT_OBJC_MSGSEND = YES;
				ENABLE_TESTABILITY = YES;
				GCC_C_LANGUAGE_STANDARD = gnu11;
				GCC_DYNAMIC_NO_PIC = NO;
				GCC_NO_COMMON_BLOCKS = YES;
				GCC_OPTIMIZATION_LEVEL = 0;
				GCC_PREPROCESSOR_DEFINITIONS = (
					"DEBUG=1",
					"$(inherited)",
				);
				GCC_WARN_64_TO_32_BIT_CONVERSION = YES;
				GCC_WARN_ABOUT_RETURN_TYPE = YES_ERROR;
				GCC_WARN_UNDECLARED_SELECTOR = YES;
				GCC_WARN_UNINITIALIZED_AUTOS = YES_AGGRESSIVE;
				GCC_WARN_UNUSED_FUNCTION = YES;
				GCC_WARN_UNUSED_VARIABLE = YES;
				IPHONEOS_DEPLOYMENT_TARGET = 13.7;
				MTL_ENABLE_DEBUG_INFO = INCLUDE_SOURCE;
				MTL_FAST_MATH = YES;
				ONLY_ACTIVE_ARCH = YES;
				SDKROOT = iphoneos;
				SWIFT_ACTIVE_COMPILATION_CONDITIONS = DEBUG;
				SWIFT_OPTIMIZATION_LEVEL = "-Onone";
			};
			name = Debug;
		};
		92855AE725C07804007A5C6E /* Release */ = {
			isa = XCBuildConfiguration;
			buildSettings = {
				ALWAYS_SEARCH_USER_PATHS = NO;
				CLANG_ANALYZER_NONNULL = YES;
				CLANG_ANALYZER_NUMBER_OBJECT_CONVERSION = YES_AGGRESSIVE;
				CLANG_CXX_LANGUAGE_STANDARD = "gnu++14";
				CLANG_CXX_LIBRARY = "libc++";
				CLANG_ENABLE_MODULES = YES;
				CLANG_ENABLE_OBJC_ARC = YES;
				CLANG_ENABLE_OBJC_WEAK = YES;
				CLANG_WARN_BLOCK_CAPTURE_AUTORELEASING = YES;
				CLANG_WARN_BOOL_CONVERSION = YES;
				CLANG_WARN_COMMA = YES;
				CLANG_WARN_CONSTANT_CONVERSION = YES;
				CLANG_WARN_DEPRECATED_OBJC_IMPLEMENTATIONS = YES;
				CLANG_WARN_DIRECT_OBJC_ISA_USAGE = YES_ERROR;
				CLANG_WARN_DOCUMENTATION_COMMENTS = YES;
				CLANG_WARN_EMPTY_BODY = YES;
				CLANG_WARN_ENUM_CONVERSION = YES;
				CLANG_WARN_INFINITE_RECURSION = YES;
				CLANG_WARN_INT_CONVERSION = YES;
				CLANG_WARN_NON_LITERAL_NULL_CONVERSION = YES;
				CLANG_WARN_OBJC_IMPLICIT_RETAIN_SELF = YES;
				CLANG_WARN_OBJC_LITERAL_CONVERSION = YES;
				CLANG_WARN_OBJC_ROOT_CLASS = YES_ERROR;
				CLANG_WARN_RANGE_LOOP_ANALYSIS = YES;
				CLANG_WARN_STRICT_PROTOTYPES = YES;
				CLANG_WARN_SUSPICIOUS_MOVE = YES;
				CLANG_WARN_UNGUARDED_AVAILABILITY = YES_AGGRESSIVE;
				CLANG_WARN_UNREACHABLE_CODE = YES;
				CLANG_WARN__DUPLICATE_METHOD_MATCH = YES;
				COPY_PHASE_STRIP = NO;
				DEBUG_INFORMATION_FORMAT = "dwarf-with-dsym";
				ENABLE_NS_ASSERTIONS = NO;
				ENABLE_STRICT_OBJC_MSGSEND = YES;
				GCC_C_LANGUAGE_STANDARD = gnu11;
				GCC_NO_COMMON_BLOCKS = YES;
				GCC_WARN_64_TO_32_BIT_CONVERSION = YES;
				GCC_WARN_ABOUT_RETURN_TYPE = YES_ERROR;
				GCC_WARN_UNDECLARED_SELECTOR = YES;
				GCC_WARN_UNINITIALIZED_AUTOS = YES_AGGRESSIVE;
				GCC_WARN_UNUSED_FUNCTION = YES;
				GCC_WARN_UNUSED_VARIABLE = YES;
				IPHONEOS_DEPLOYMENT_TARGET = 13.7;
				MTL_ENABLE_DEBUG_INFO = NO;
				MTL_FAST_MATH = YES;
				SDKROOT = iphoneos;
				SWIFT_COMPILATION_MODE = wholemodule;
				SWIFT_OPTIMIZATION_LEVEL = "-O";
				VALIDATE_PRODUCT = YES;
			};
			name = Release;
		};
		92855AE925C07804007A5C6E /* Debug */ = {
			isa = XCBuildConfiguration;
			buildSettings = {
				ASSETCATALOG_COMPILER_APPICON_NAME = AppIcon;
				CODE_SIGN_STYLE = Automatic;
				CURRENT_PROJECT_VERSION = 1.0.1;
				DEVELOPMENT_TEAM = 8L83CZ8839;
				INFOPLIST_FILE = "coder-swag/Info.plist";
				LD_RUNPATH_SEARCH_PATHS = (
					"$(inherited)",
					"@executable_path/Frameworks",
				);
				PRODUCT_BUNDLE_IDENTIFIER = "jerry-lai.coder-swag";
				PRODUCT_NAME = "Swag Shop";
				SWIFT_VERSION = 5.0;
				TARGETED_DEVICE_FAMILY = "1,2";
			};
			name = Debug;
		};
		92855AEA25C07804007A5C6E /* Release */ = {
			isa = XCBuildConfiguration;
			buildSettings = {
				ASSETCATALOG_COMPILER_APPICON_NAME = AppIcon;
				CODE_SIGN_STYLE = Automatic;
				CURRENT_PROJECT_VERSION = 1.0.1;
				DEVELOPMENT_TEAM = 8L83CZ8839;
				INFOPLIST_FILE = "coder-swag/Info.plist";
				LD_RUNPATH_SEARCH_PATHS = (
					"$(inherited)",
					"@executable_path/Frameworks",
				);
				PRODUCT_BUNDLE_IDENTIFIER = "jerry-lai.coder-swag";
				PRODUCT_NAME = "Swag Shop";
				SWIFT_VERSION = 5.0;
				TARGETED_DEVICE_FAMILY = "1,2";
			};
			name = Release;
		};
/* End XCBuildConfiguration section */

/* Begin XCConfigurationList section */
		92855ACF25C07804007A5C6E /* Build configuration list for PBXProject "coder-swag" */ = {
			isa = XCConfigurationList;
			buildConfigurations = (
				92855AE625C07804007A5C6E /* Debug */,
				92855AE725C07804007A5C6E /* Release */,
			);
			defaultConfigurationIsVisible = 0;
			defaultConfigurationName = Release;
		};
		92855AE825C07804007A5C6E /* Build configuration list for PBXNativeTarget "coder-swag" */ = {
			isa = XCConfigurationList;
			buildConfigurations = (
				92855AE925C07804007A5C6E /* Debug */,
				92855AEA25C07804007A5C6E /* Release */,
			);
			defaultConfigurationIsVisible = 0;
			defaultConfigurationName = Release;
		};
/* End XCConfigurationList section */
	};
	rootObject = 92855ACC25C07804007A5C6E /* Project object */;
}
